// !$*UTF8*$!
{
	archiveVersion = 1;
	classes = {
	};
	objectVersion = 56;
	objects = {

/* Begin PBXBuildFile section */
		CC7939AC290A11A0006CD36F /* QuotesListModel.swift in Sources */ = {isa = PBXBuildFile; fileRef = CC7939AB290A11A0006CD36F /* QuotesListModel.swift */; };
		CC917AC8290B115100D19492 /* NetworkWorker.swift in Sources */ = {isa = PBXBuildFile; fileRef = CC917AC7290B115100D19492 /* NetworkWorker.swift */; };
		CC917ACA290B128D00D19492 /* WorkersProtocols.swift in Sources */ = {isa = PBXBuildFile; fileRef = CC917AC9290B128D00D19492 /* WorkersProtocols.swift */; };
		CC917ACC290B18A900D19492 /* PersistenceWorker.swift in Sources */ = {isa = PBXBuildFile; fileRef = CC917ACB290B18A900D19492 /* PersistenceWorker.swift */; };
		CCA49AF629116036009F9F23 /* QuoteCell.swift in Sources */ = {isa = PBXBuildFile; fileRef = CCA49AF529116036009F9F23 /* QuoteCell.swift */; };
		CCA49AF8291164DD009F9F23 /* UIViewExt.swift in Sources */ = {isa = PBXBuildFile; fileRef = CCA49AF7291164DD009F9F23 /* UIViewExt.swift */; };
		CCAD8DDD2908B76A0037AA0F /* AppDelegate.swift in Sources */ = {isa = PBXBuildFile; fileRef = CCAD8DDC2908B76A0037AA0F /* AppDelegate.swift */; };
		CCAD8DDF2908B76A0037AA0F /* SceneDelegate.swift in Sources */ = {isa = PBXBuildFile; fileRef = CCAD8DDE2908B76A0037AA0F /* SceneDelegate.swift */; };
		CCAD8DE62908B76C0037AA0F /* Assets.xcassets in Resources */ = {isa = PBXBuildFile; fileRef = CCAD8DE52908B76C0037AA0F /* Assets.xcassets */; };
		CCAD8DF22908B7D20037AA0F /* MainScreenViewController.swift in Sources */ = {isa = PBXBuildFile; fileRef = CCAD8DF12908B7D20037AA0F /* MainScreenViewController.swift */; };
		CCAD8DF42908B8030037AA0F /* MainScreenAssembly.swift in Sources */ = {isa = PBXBuildFile; fileRef = CCAD8DF32908B8030037AA0F /* MainScreenAssembly.swift */; };
		CCAD8DF62908B81B0037AA0F /* MainScreenProtocols.swift in Sources */ = {isa = PBXBuildFile; fileRef = CCAD8DF52908B81B0037AA0F /* MainScreenProtocols.swift */; };
		CCAD8DF92908B8A30037AA0F /* MainScreenRouter.swift in Sources */ = {isa = PBXBuildFile; fileRef = CCAD8DF82908B8A30037AA0F /* MainScreenRouter.swift */; };
		CCAD8DFB2908B8C30037AA0F /* MainScreenInteractor.swift in Sources */ = {isa = PBXBuildFile; fileRef = CCAD8DFA2908B8C30037AA0F /* MainScreenInteractor.swift */; };
		CCAD8DFD2908B8D40037AA0F /* MainScreenPresenter.swift in Sources */ = {isa = PBXBuildFile; fileRef = CCAD8DFC2908B8D40037AA0F /* MainScreenPresenter.swift */; };
		CCAD8DFF2908B8DD0037AA0F /* MainScreenWorker.swift in Sources */ = {isa = PBXBuildFile; fileRef = CCAD8DFE2908B8DD0037AA0F /* MainScreenWorker.swift */; };
/* End PBXBuildFile section */

/* Begin PBXFileReference section */
		CC7939AB290A11A0006CD36F /* QuotesListModel.swift */ = {isa = PBXFileReference; lastKnownFileType = sourcecode.swift; path = QuotesListModel.swift; sourceTree = "<group>"; };
		CC917AC7290B115100D19492 /* NetworkWorker.swift */ = {isa = PBXFileReference; lastKnownFileType = sourcecode.swift; path = NetworkWorker.swift; sourceTree = "<group>"; };
		CC917AC9290B128D00D19492 /* WorkersProtocols.swift */ = {isa = PBXFileReference; lastKnownFileType = sourcecode.swift; path = WorkersProtocols.swift; sourceTree = "<group>"; };
		CC917ACB290B18A900D19492 /* PersistenceWorker.swift */ = {isa = PBXFileReference; lastKnownFileType = sourcecode.swift; path = PersistenceWorker.swift; sourceTree = "<group>"; };
		CCA49AF529116036009F9F23 /* QuoteCell.swift */ = {isa = PBXFileReference; lastKnownFileType = sourcecode.swift; path = QuoteCell.swift; sourceTree = "<group>"; };
		CCA49AF7291164DD009F9F23 /* UIViewExt.swift */ = {isa = PBXFileReference; lastKnownFileType = sourcecode.swift; path = UIViewExt.swift; sourceTree = "<group>"; };
		CCAD8DD92908B76A0037AA0F /* CiteIt.app */ = {isa = PBXFileReference; explicitFileType = wrapper.application; includeInIndex = 0; path = CiteIt.app; sourceTree = BUILT_PRODUCTS_DIR; };
		CCAD8DDC2908B76A0037AA0F /* AppDelegate.swift */ = {isa = PBXFileReference; lastKnownFileType = sourcecode.swift; path = AppDelegate.swift; sourceTree = "<group>"; };
		CCAD8DDE2908B76A0037AA0F /* SceneDelegate.swift */ = {isa = PBXFileReference; lastKnownFileType = sourcecode.swift; path = SceneDelegate.swift; sourceTree = "<group>"; };
		CCAD8DE52908B76C0037AA0F /* Assets.xcassets */ = {isa = PBXFileReference; lastKnownFileType = folder.assetcatalog; path = Assets.xcassets; sourceTree = "<group>"; };
		CCAD8DEA2908B76C0037AA0F /* Info.plist */ = {isa = PBXFileReference; lastKnownFileType = text.plist.xml; path = Info.plist; sourceTree = "<group>"; };
		CCAD8DF12908B7D20037AA0F /* MainScreenViewController.swift */ = {isa = PBXFileReference; lastKnownFileType = sourcecode.swift; path = MainScreenViewController.swift; sourceTree = "<group>"; };
		CCAD8DF32908B8030037AA0F /* MainScreenAssembly.swift */ = {isa = PBXFileReference; lastKnownFileType = sourcecode.swift; path = MainScreenAssembly.swift; sourceTree = "<group>"; };
		CCAD8DF52908B81B0037AA0F /* MainScreenProtocols.swift */ = {isa = PBXFileReference; lastKnownFileType = sourcecode.swift; path = MainScreenProtocols.swift; sourceTree = "<group>"; };
		CCAD8DF82908B8A30037AA0F /* MainScreenRouter.swift */ = {isa = PBXFileReference; lastKnownFileType = sourcecode.swift; path = MainScreenRouter.swift; sourceTree = "<group>"; };
		CCAD8DFA2908B8C30037AA0F /* MainScreenInteractor.swift */ = {isa = PBXFileReference; lastKnownFileType = sourcecode.swift; path = MainScreenInteractor.swift; sourceTree = "<group>"; };
		CCAD8DFC2908B8D40037AA0F /* MainScreenPresenter.swift */ = {isa = PBXFileReference; lastKnownFileType = sourcecode.swift; path = MainScreenPresenter.swift; sourceTree = "<group>"; };
		CCAD8DFE2908B8DD0037AA0F /* MainScreenWorker.swift */ = {isa = PBXFileReference; lastKnownFileType = sourcecode.swift; path = MainScreenWorker.swift; sourceTree = "<group>"; };
/* End PBXFileReference section */

/* Begin PBXFrameworksBuildPhase section */
		CCAD8DD62908B76A0037AA0F /* Frameworks */ = {
			isa = PBXFrameworksBuildPhase;
			buildActionMask = 2147483647;
			files = (
			);
			runOnlyForDeploymentPostprocessing = 0;
		};
/* End PBXFrameworksBuildPhase section */

/* Begin PBXGroup section */
		CC917AC6290B113C00D19492 /* Workers */ = {
			isa = PBXGroup;
			children = (
				CC917AC7290B115100D19492 /* NetworkWorker.swift */,
				CC917AC9290B128D00D19492 /* WorkersProtocols.swift */,
				CC917ACB290B18A900D19492 /* PersistenceWorker.swift */,
			);
			path = Workers;
			sourceTree = "<group>";
		};
		CC917AD0290B87EA00D19492 /* Domain */ = {
			isa = PBXGroup;
			children = (
				CC917AD5290B9AFA00D19492 /* Use_cases */,
				CCAD8E012908B9390037AA0F /* Models */,
			);
			path = Domain;
			sourceTree = "<group>";
		};
		CC917AD1290B87FD00D19492 /* Datastore */ = {
			isa = PBXGroup;
			children = (
			);
			path = Datastore;
			sourceTree = "<group>";
		};
		CC917AD4290B9AD900D19492 /* Network */ = {
			isa = PBXGroup;
			children = (
			);
			path = Network;
			sourceTree = "<group>";
		};
		CC917AD5290B9AFA00D19492 /* Use_cases */ = {
			isa = PBXGroup;
			children = (
			);
			path = Use_cases;
			sourceTree = "<group>";
		};
		CC917AD6290BDCA900D19492 /* Data */ = {
			isa = PBXGroup;
			children = (
				CC917AD1290B87FD00D19492 /* Datastore */,
			);
			path = Data;
			sourceTree = "<group>";
		};
		CCA49AF2291153B8009F9F23 /* Utility */ = {
			isa = PBXGroup;
			children = (
				CCA49AF3291153C0009F9F23 /* UI */,
			);
			path = Utility;
			sourceTree = "<group>";
		};
		CCA49AF3291153C0009F9F23 /* UI */ = {
			isa = PBXGroup;
			children = (
				CCA49AF7291164DD009F9F23 /* UIViewExt.swift */,
			);
			path = UI;
			sourceTree = "<group>";
		};
		CCA49AF429115FD8009F9F23 /* Views */ = {
			isa = PBXGroup;
			children = (
				CCA49AF529116036009F9F23 /* QuoteCell.swift */,
			);
			path = Views;
			sourceTree = "<group>";
		};
		CCAD8DD02908B76A0037AA0F = {
			isa = PBXGroup;
			children = (
				CCAD8DDB2908B76A0037AA0F /* CiteIt */,
				CCAD8DDA2908B76A0037AA0F /* Products */,
			);
			sourceTree = "<group>";
		};
		CCAD8DDA2908B76A0037AA0F /* Products */ = {
			isa = PBXGroup;
			children = (
				CCAD8DD92908B76A0037AA0F /* CiteIt.app */,
			);
			name = Products;
			sourceTree = "<group>";
		};
		CCAD8DDB2908B76A0037AA0F /* CiteIt */ = {
			isa = PBXGroup;
			children = (
				CCA49AF2291153B8009F9F23 /* Utility */,
				CC917AD6290BDCA900D19492 /* Data */,
				CC917AD4290B9AD900D19492 /* Network */,
				CC917AD0290B87EA00D19492 /* Domain */,
				CC917AC6290B113C00D19492 /* Workers */,
				CCAD8DF02908B7800037AA0F /* Scenes */,
				CCAD8DDC2908B76A0037AA0F /* AppDelegate.swift */,
				CCAD8DDE2908B76A0037AA0F /* SceneDelegate.swift */,
				CCAD8DE52908B76C0037AA0F /* Assets.xcassets */,
				CCAD8DEA2908B76C0037AA0F /* Info.plist */,
			);
			path = CiteIt;
			sourceTree = "<group>";
		};
		CCAD8DF02908B7800037AA0F /* Scenes */ = {
			isa = PBXGroup;
			children = (
				CCAD8DF72908B88C0037AA0F /* Main */,
			);
			path = Scenes;
			sourceTree = "<group>";
		};
		CCAD8DF72908B88C0037AA0F /* Main */ = {
			isa = PBXGroup;
			children = (
				CCA49AF429115FD8009F9F23 /* Views */,
				CCAD8DF52908B81B0037AA0F /* MainScreenProtocols.swift */,
				CCAD8DF32908B8030037AA0F /* MainScreenAssembly.swift */,
				CCAD8DF12908B7D20037AA0F /* MainScreenViewController.swift */,
				CCAD8DF82908B8A30037AA0F /* MainScreenRouter.swift */,
				CCAD8DFA2908B8C30037AA0F /* MainScreenInteractor.swift */,
				CCAD8DFC2908B8D40037AA0F /* MainScreenPresenter.swift */,
				CCAD8DFE2908B8DD0037AA0F /* MainScreenWorker.swift */,
			);
			path = Main;
			sourceTree = "<group>";
		};
		CCAD8E012908B9390037AA0F /* Models */ = {
			isa = PBXGroup;
			children = (
				CC7939AB290A11A0006CD36F /* QuotesListModel.swift */,
			);
			path = Models;
			sourceTree = "<group>";
		};
/* End PBXGroup section */

/* Begin PBXNativeTarget section */
		CCAD8DD82908B76A0037AA0F /* CiteIt */ = {
			isa = PBXNativeTarget;
			buildConfigurationList = CCAD8DED2908B76C0037AA0F /* Build configuration list for PBXNativeTarget "CiteIt" */;
			buildPhases = (
				CCAD8DD52908B76A0037AA0F /* Sources */,
				CCAD8DD62908B76A0037AA0F /* Frameworks */,
				CCAD8DD72908B76A0037AA0F /* Resources */,
			);
			buildRules = (
			);
			dependencies = (
			);
			name = CiteIt;
			packageProductDependencies = (
			);
			productName = CiteIt;
			productReference = CCAD8DD92908B76A0037AA0F /* CiteIt.app */;
			productType = "com.apple.product-type.application";
		};
/* End PBXNativeTarget section */

/* Begin PBXProject section */
		CCAD8DD12908B76A0037AA0F /* Project object */ = {
			isa = PBXProject;
			attributes = {
				BuildIndependentTargetsInParallel = 1;
				LastSwiftUpdateCheck = 1400;
				LastUpgradeCheck = 1400;
				TargetAttributes = {
					CCAD8DD82908B76A0037AA0F = {
						CreatedOnToolsVersion = 14.0.1;
					};
				};
			};
			buildConfigurationList = CCAD8DD42908B76A0037AA0F /* Build configuration list for PBXProject "CiteIt" */;
			compatibilityVersion = "Xcode 14.0";
			developmentRegion = en;
			hasScannedForEncodings = 0;
			knownRegions = (
				en,
				Base,
			);
			mainGroup = CCAD8DD02908B76A0037AA0F;
			packageReferences = (
			);
			productRefGroup = CCAD8DDA2908B76A0037AA0F /* Products */;
			projectDirPath = "";
			projectRoot = "";
			targets = (
				CCAD8DD82908B76A0037AA0F /* CiteIt */,
			);
		};
/* End PBXProject section */

/* Begin PBXResourcesBuildPhase section */
		CCAD8DD72908B76A0037AA0F /* Resources */ = {
			isa = PBXResourcesBuildPhase;
			buildActionMask = 2147483647;
			files = (
				CCAD8DE62908B76C0037AA0F /* Assets.xcassets in Resources */,
			);
			runOnlyForDeploymentPostprocessing = 0;
		};
/* End PBXResourcesBuildPhase section */

/* Begin PBXSourcesBuildPhase section */
		CCAD8DD52908B76A0037AA0F /* Sources */ = {
			isa = PBXSourcesBuildPhase;
			buildActionMask = 2147483647;
			files = (
				CCAD8DF92908B8A30037AA0F /* MainScreenRouter.swift in Sources */,
				CCAD8DF42908B8030037AA0F /* MainScreenAssembly.swift in Sources */,
				CC917ACA290B128D00D19492 /* WorkersProtocols.swift in Sources */,
				CC917AC8290B115100D19492 /* NetworkWorker.swift in Sources */,
				CCA49AF629116036009F9F23 /* QuoteCell.swift in Sources */,
				CCAD8DFD2908B8D40037AA0F /* MainScreenPresenter.swift in Sources */,
				CC7939AC290A11A0006CD36F /* QuotesListModel.swift in Sources */,
				CC917ACC290B18A900D19492 /* PersistenceWorker.swift in Sources */,
				CCAD8DF62908B81B0037AA0F /* MainScreenProtocols.swift in Sources */,
				CCAD8DDD2908B76A0037AA0F /* AppDelegate.swift in Sources */,
				CCAD8DFF2908B8DD0037AA0F /* MainScreenWorker.swift in Sources */,
				CCAD8DFB2908B8C30037AA0F /* MainScreenInteractor.swift in Sources */,
				CCA49AF8291164DD009F9F23 /* UIViewExt.swift in Sources */,
				CCAD8DDF2908B76A0037AA0F /* SceneDelegate.swift in Sources */,
				CCAD8DF22908B7D20037AA0F /* MainScreenViewController.swift in Sources */,
			);
			runOnlyForDeploymentPostprocessing = 0;
		};
/* End PBXSourcesBuildPhase section */

/* Begin XCBuildConfiguration section */
		CCAD8DEB2908B76C0037AA0F /* Debug */ = {
			isa = XCBuildConfiguration;
			buildSettings = {
				ALWAYS_SEARCH_USER_PATHS = NO;
				CLANG_ANALYZER_NONNULL = YES;
				CLANG_ANALYZER_NUMBER_OBJECT_CONVERSION = YES_AGGRESSIVE;
				CLANG_CXX_LANGUAGE_STANDARD = "gnu++20";
				CLANG_ENABLE_MODULES = YES;
				CLANG_ENABLE_OBJC_ARC = YES;
				CLANG_ENABLE_OBJC_WEAK = YES;
				CLANG_WARN_BLOCK_CAPTURE_AUTORELEASING = YES;
				CLANG_WARN_BOOL_CONVERSION = YES;
				CLANG_WARN_COMMA = YES;
				CLANG_WARN_CONSTANT_CONVERSION = YES;
				CLANG_WARN_DEPRECATED_OBJC_IMPLEMENTATIONS = YES;
				CLANG_WARN_DIRECT_OBJC_ISA_USAGE = YES_ERROR;
				CLANG_WARN_DOCUMENTATION_COMMENTS = YES;
				CLANG_WARN_EMPTY_BODY = YES;
				CLANG_WARN_ENUM_CONVERSION = YES;
				CLANG_WARN_INFINITE_RECURSION = YES;
				CLANG_WARN_INT_CONVERSION = YES;
				CLANG_WARN_NON_LITERAL_NULL_CONVERSION = YES;
				CLANG_WARN_OBJC_IMPLICIT_RETAIN_SELF = YES;
				CLANG_WARN_OBJC_LITERAL_CONVERSION = YES;
				CLANG_WARN_OBJC_ROOT_CLASS = YES_ERROR;
				CLANG_WARN_QUOTED_INCLUDE_IN_FRAMEWORK_HEADER = YES;
				CLANG_WARN_RANGE_LOOP_ANALYSIS = YES;
				CLANG_WARN_STRICT_PROTOTYPES = YES;
				CLANG_WARN_SUSPICIOUS_MOVE = YES;
				CLANG_WARN_UNGUARDED_AVAILABILITY = YES_AGGRESSIVE;
				CLANG_WARN_UNREACHABLE_CODE = YES;
				CLANG_WARN__DUPLICATE_METHOD_MATCH = YES;
				COPY_PHASE_STRIP = NO;
				DEBUG_INFORMATION_FORMAT = dwarf;
				ENABLE_STRICT_OBJC_MSGSEND = YES;
				ENABLE_TESTABILITY = YES;
				GCC_C_LANGUAGE_STANDARD = gnu11;
				GCC_DYNAMIC_NO_PIC = NO;
				GCC_NO_COMMON_BLOCKS = YES;
				GCC_OPTIMIZATION_LEVEL = 0;
				GCC_PREPROCESSOR_DEFINITIONS = (
					"DEBUG=1",
					"$(inherited)",
				);
				GCC_WARN_64_TO_32_BIT_CONVERSION = YES;
				GCC_WARN_ABOUT_RETURN_TYPE = YES_ERROR;
				GCC_WARN_UNDECLARED_SELECTOR = YES;
				GCC_WARN_UNINITIALIZED_AUTOS = YES_AGGRESSIVE;
				GCC_WARN_UNUSED_FUNCTION = YES;
				GCC_WARN_UNUSED_VARIABLE = YES;
				IPHONEOS_DEPLOYMENT_TARGET = 16.0;
				MTL_ENABLE_DEBUG_INFO = INCLUDE_SOURCE;
				MTL_FAST_MATH = YES;
				ONLY_ACTIVE_ARCH = YES;
				SDKROOT = iphoneos;
				SWIFT_ACTIVE_COMPILATION_CONDITIONS = DEBUG;
				SWIFT_OPTIMIZATION_LEVEL = "-Onone";
			};
			name = Debug;
		};
		CCAD8DEC2908B76C0037AA0F /* Release */ = {
			isa = XCBuildConfiguration;
			buildSettings = {
				ALWAYS_SEARCH_USER_PATHS = NO;
				CLANG_ANALYZER_NONNULL = YES;
				CLANG_ANALYZER_NUMBER_OBJECT_CONVERSION = YES_AGGRESSIVE;
				CLANG_CXX_LANGUAGE_STANDARD = "gnu++20";
				CLANG_ENABLE_MODULES = YES;
				CLANG_ENABLE_OBJC_ARC = YES;
				CLANG_ENABLE_OBJC_WEAK = YES;
				CLANG_WARN_BLOCK_CAPTURE_AUTORELEASING = YES;
				CLANG_WARN_BOOL_CONVERSION = YES;
				CLANG_WARN_COMMA = YES;
				CLANG_WARN_CONSTANT_CONVERSION = YES;
				CLANG_WARN_DEPRECATED_OBJC_IMPLEMENTATIONS = YES;
				CLANG_WARN_DIRECT_OBJC_ISA_USAGE = YES_ERROR;
				CLANG_WARN_DOCUMENTATION_COMMENTS = YES;
				CLANG_WARN_EMPTY_BODY = YES;
				CLANG_WARN_ENUM_CONVERSION = YES;
				CLANG_WARN_INFINITE_RECURSION = YES;
				CLANG_WARN_INT_CONVERSION = YES;
				CLANG_WARN_NON_LITERAL_NULL_CONVERSION = YES;
				CLANG_WARN_OBJC_IMPLICIT_RETAIN_SELF = YES;
				CLANG_WARN_OBJC_LITERAL_CONVERSION = YES;
				CLANG_WARN_OBJC_ROOT_CLASS = YES_ERROR;
				CLANG_WARN_QUOTED_INCLUDE_IN_FRAMEWORK_HEADER = YES;
				CLANG_WARN_RANGE_LOOP_ANALYSIS = YES;
				CLANG_WARN_STRICT_PROTOTYPES = YES;
				CLANG_WARN_SUSPICIOUS_MOVE = YES;
				CLANG_WARN_UNGUARDED_AVAILABILITY = YES_AGGRESSIVE;
				CLANG_WARN_UNREACHABLE_CODE = YES;
				CLANG_WARN__DUPLICATE_METHOD_MATCH = YES;
				COPY_PHASE_STRIP = NO;
				DEBUG_INFORMATION_FORMAT = "dwarf-with-dsym";
				ENABLE_NS_ASSERTIONS = NO;
				ENABLE_STRICT_OBJC_MSGSEND = YES;
				GCC_C_LANGUAGE_STANDARD = gnu11;
				GCC_NO_COMMON_BLOCKS = YES;
				GCC_WARN_64_TO_32_BIT_CONVERSION = YES;
				GCC_WARN_ABOUT_RETURN_TYPE = YES_ERROR;
				GCC_WARN_UNDECLARED_SELECTOR = YES;
				GCC_WARN_UNINITIALIZED_AUTOS = YES_AGGRESSIVE;
				GCC_WARN_UNUSED_FUNCTION = YES;
				GCC_WARN_UNUSED_VARIABLE = YES;
				IPHONEOS_DEPLOYMENT_TARGET = 16.0;
				MTL_ENABLE_DEBUG_INFO = NO;
				MTL_FAST_MATH = YES;
				SDKROOT = iphoneos;
				SWIFT_COMPILATION_MODE = wholemodule;
				SWIFT_OPTIMIZATION_LEVEL = "-O";
				VALIDATE_PRODUCT = YES;
			};
			name = Release;
		};
		CCAD8DEE2908B76C0037AA0F /* Debug */ = {
			isa = XCBuildConfiguration;
			buildSettings = {
				ASSETCATALOG_COMPILER_APPICON_NAME = AppIcon;
				ASSETCATALOG_COMPILER_GLOBAL_ACCENT_COLOR_NAME = AccentColor;
				CODE_SIGN_STYLE = Automatic;
				CURRENT_PROJECT_VERSION = 1;
				DEVELOPMENT_TEAM = 7JCTFR9C8T;
				GENERATE_INFOPLIST_FILE = YES;
				INFOPLIST_FILE = CiteIt/Info.plist;
				INFOPLIST_KEY_UIApplicationSupportsIndirectInputEvents = YES;
				INFOPLIST_KEY_UILaunchStoryboardName = LaunchScreen;
				INFOPLIST_KEY_UISupportedInterfaceOrientations_iPad = "UIInterfaceOrientationPortrait UIInterfaceOrientationPortraitUpsideDown UIInterfaceOrientationLandscapeLeft UIInterfaceOrientationLandscapeRight";
				INFOPLIST_KEY_UISupportedInterfaceOrientations_iPhone = "UIInterfaceOrientationPortrait UIInterfaceOrientationLandscapeLeft UIInterfaceOrientationLandscapeRight";
				LD_RUNPATH_SEARCH_PATHS = (
					"$(inherited)",
					"@executable_path/Frameworks",
				);
				MARKETING_VERSION = 1.0;
				PRODUCT_BUNDLE_IDENTIFIER = ru.pyroman.CiteIt;
				PRODUCT_NAME = "$(TARGET_NAME)";
				SWIFT_EMIT_LOC_STRINGS = YES;
				SWIFT_VERSION = 5.0;
				TARGETED_DEVICE_FAMILY = "1,2";
			};
			name = Debug;
		};
		CCAD8DEF2908B76C0037AA0F /* Release */ = {
			isa = XCBuildConfiguration;
			buildSettings = {
				ASSETCATALOG_COMPILER_APPICON_NAME = AppIcon;
				ASSETCATALOG_COMPILER_GLOBAL_ACCENT_COLOR_NAME = AccentColor;
				CODE_SIGN_STYLE = Automatic;
				CURRENT_PROJECT_VERSION = 1;
				DEVELOPMENT_TEAM = 7JCTFR9C8T;
				GENERATE_INFOPLIST_FILE = YES;
				INFOPLIST_FILE = CiteIt/Info.plist;
				INFOPLIST_KEY_UIApplicationSupportsIndirectInputEvents = YES;
				INFOPLIST_KEY_UILaunchStoryboardName = LaunchScreen;
				INFOPLIST_KEY_UISupportedInterfaceOrientations_iPad = "UIInterfaceOrientationPortrait UIInterfaceOrientationPortraitUpsideDown UIInterfaceOrientationLandscapeLeft UIInterfaceOrientationLandscapeRight";
				INFOPLIST_KEY_UISupportedInterfaceOrientations_iPhone = "UIInterfaceOrientationPortrait UIInterfaceOrientationLandscapeLeft UIInterfaceOrientationLandscapeRight";
				LD_RUNPATH_SEARCH_PATHS = (
					"$(inherited)",
					"@executable_path/Frameworks",
				);
				MARKETING_VERSION = 1.0;
				PRODUCT_BUNDLE_IDENTIFIER = ru.pyroman.CiteIt;
				PRODUCT_NAME = "$(TARGET_NAME)";
				SWIFT_EMIT_LOC_STRINGS = YES;
				SWIFT_VERSION = 5.0;
				TARGETED_DEVICE_FAMILY = "1,2";
			};
			name = Release;
		};
/* End XCBuildConfiguration section */

/* Begin XCConfigurationList section */
		CCAD8DD42908B76A0037AA0F /* Build configuration list for PBXProject "CiteIt" */ = {
			isa = XCConfigurationList;
			buildConfigurations = (
				CCAD8DEB2908B76C0037AA0F /* Debug */,
				CCAD8DEC2908B76C0037AA0F /* Release */,
			);
			defaultConfigurationIsVisible = 0;
			defaultConfigurationName = Release;
		};
		CCAD8DED2908B76C0037AA0F /* Build configuration list for PBXNativeTarget "CiteIt" */ = {
			isa = XCConfigurationList;
			buildConfigurations = (
				CCAD8DEE2908B76C0037AA0F /* Debug */,
				CCAD8DEF2908B76C0037AA0F /* Release */,
			);
			defaultConfigurationIsVisible = 0;
			defaultConfigurationName = Release;
		};
/* End XCConfigurationList section */
	};
	rootObject = CCAD8DD12908B76A0037AA0F /* Project object */;
}
